{
  "originHash" : "92539f39d90f594d3459c489841f22404b34827097a56387c489d64a8c15d52a",
  "pins" : [
    {
      "identity" : "abseil-cpp-binary",
      "kind" : "remoteSourceControl",
      "location" : "https://github.com/google/abseil-cpp-binary.git",
      "state" : {
        "revision" : "26509120768c4add61cc1a63059f15f4fb49edb4",
        "version" : "1.2025051202.0"
      }
    },
    {
      "identity" : "app-check",
      "kind" : "remoteSourceControl",
      "location" : "https://github.com/google/app-check.git",
      "state" : {
        "revision" : "c7eb17e5545f36e43dc50e70da09c2e999714e16",
        "version" : "12.0.0"
      }
    },
    {
      "identity" : "firebase-ios-sdk",
      "kind" : "remoteSourceControl",
      "location" : "https://github.com/firebase/firebase-ios-sdk.git",
      "state" : {
        "revision" : "1c35b9453868cea1ecdf9f112b5b23b8b6343854",
        "version" : "13.0.0"
      }
    },
    {
      "identity" : "google-ads-on-device-conversion-ios-sdk",
      "kind" : "remoteSourceControl",
      "location" : "https://github.com/googleads/google-ads-on-device-conversion-ios-sdk",
      "state" : {
        "revision" : "0208e2681ec81f8a9c81084696f60fcce26cb7ee",
        "version" : "3.7.0"
      }
    },
    {
      "identity" : "googleappmeasurement",
      "kind" : "remoteSourceControl",
      "location" : "https://github.com/google/GoogleAppMeasurement.git",
      "state" : {
        "revision" : "1a3546fb9189292e9d64db9e72add7a286c0f85a",
        "version" : "13.0.1"
      }
    },
    {
      "identity" : "googledatatransport",
      "kind" : "remoteSourceControl",
      "location" : "https://github.com/google/GoogleDataTransport.git",
      "state" : {
        "revision" : "ba3358d3c3dbae8ef230b58a46b97ad65e84e974",
        "version" : "10.1.1"
      }
    },
    {
      "identity" : "googleutilities",
      "kind" : "remoteSourceControl",
      "location" : "https://github.com/google/GoogleUtilities.git",
      "state" : {
        "revision" : "cc31f5ed464b111f877ce8554cbef4455d410d91",
        "version" : "8.1.4"
      }
    },
    {
      "identity" : "grpc-binary",
      "kind" : "remoteSourceControl",
      "location" : "https://github.com/google/grpc-binary.git",
      "state" : {
        "revision" : "9d5e9f05670c9eab8d8c22731ddd5d4d9cf867a8",
        "version" : "1.83.1"
      }
    },
    {
      "identity" : "gtm-session-fetcher",
      "kind" : "remoteSourceControl",
      "location" : "https://github.com/google/gtm-session-fetcher.git",
      "state" : {
        "revision" : "4d70340d55d7d07cc2fdf8e8125c4c126c1d5f35",
        "version" : "4.4.0"
      }
    },
    {
      "identity" : "interop-ios-for-google-sdks",
      "kind" : "remoteSourceControl",
      "location" : "https://github.com/google/interop-ios-for-google-sdks.git",
      "state" : {
        "revision" : "040d087ac2267d2ddd4cca36c757d1c6a05fdbfe",
        "version" : "101.0.0"
      }
    },
    {
      "identity" : "leveldb",
      "kind" : "remoteSourceControl",
      "location" : "https://github.com/firebase/leveldb.git",
      "state" : {
        "revision" : "a0bc79961d7be727d258d33d5a6b2f1023270ba1",
        "version" : "1.22.5"
      }
    },
    {
      "identity" : "nanopb",
      "kind" : "remoteSourceControl",
      "location" : "https://github.com/firebase/nanopb.git",
      "state" : {
        "revision" : "3851d94a41890dea16dc3db34caf60e585cb4163",
        "version" : "2.30910.1"
      }
    },
    {
      "identity" : "nuke",
      "kind" : "remoteSourceControl",
      "location" : "https://github.com/kean/Nuke.git",
      "state" : {
        "revision" : "30f7a7e72e0607d304fbf69c799474bd5fb6d1ce",
        "version" : "13.2.0"
      }
    },
    {
      "identity" : "promises",
      "kind" : "remoteSourceControl",
      "location" : "https://github.com/google/promises.git",
      "state" : {
        "revision" : "f4a19a3c313dc2616c70bb49d29a799fb16be837",
        "version" : "2.4.1"
      }
    },
    {
      "identity" : "swift-algorithms",
      "kind" : "remoteSourceControl",
      "location" : "https://github.com/apple/swift-algorithms.git",
      "state" : {
        "revision" : "87e50f483c54e6efd60e885f7f5aa946cee68023",
        "version" : "1.2.1"
      }
    },
    {
      "identity" : "swift-format-plugin",
      "kind" : "remoteSourceControl",
      "location" : "https://github.com/swiftty/swift-format-plugin.git",
      "state" : {
        "revision" : "962d1a34765c0eff20a4a13d6e6c1128c20c61c5",
        "version" : "1.0.0"
      }
    },
    {
      "identity" : "swift-numerics",
      "kind" : "remoteSourceControl",
      "location" : "https://github.com/apple/swift-numerics",
      "state" : {
        "revision" : "0a5bc04095a675662cf24757cc0640aa2204253b",
        "version" : "1.0.2"
      }
    },
    {
      "identity" : "swift-project-starter",
      "kind" : "remoteSourceControl",
      "location" : "https://github.com/swiftty/swift-project-starter.git",
      "state" : {
        "revision" : "6256933eec18d026b28bdc64e661b9e9962df8eb",
        "version" : "0.3.0"
      }
    },
    {
      "identity" : "swift-syntax",
      "kind" : "remoteSourceControl",
      "location" : "https://github.com/apple/swift-syntax.git",
      "state" : {
        "revision" : "050f1a346fbbac0ca2cfb15a95274f7bd1cf0ccf",
        "version" : "604.0.0"
      }
    },
    {
      "identity" : "xcodegenbinary",
      "kind" : "remoteSourceControl",
      "location" : "https://github.com/swiftty/XcodeGenBinary.git",
      "state" : {
        "revision" : "008599d664801a9916be28629ae877d572d56d95",
        "version" : "2.46.0"
      }
    }
  ],
  "version" : 3
}
